
Microsoft Visual Studio Solution File, Format Version 12.00
# Visual Studio Version 16
VisualStudioVersion = 16.0.31005.135
MinimumVisualStudioVersion = 10.0.40219.1
Project("{FAE04EC0-301F-11D3-BF4B-00C04F79EFBC}") = "AppStoreParser", "AppStoreParser\AppStoreParser.csproj", "{301AF902-ADC3-4D3B-90B5-A636D2EDFCFB}"
EndProject
Global
	GlobalSection(SolutionConfigurationPlatforms) = preSolution
		Debug|Any CPU = Debug|Any CPU
		Release|Any CPU = Release|Any CPU
	EndGlobalSection
	GlobalSection(ProjectConfigurationPlatforms) = postSolution
		{301AF902-ADC3-4D3B-90B5-A636D2EDFCFB}.Debug|Any CPU.ActiveCfg = Debug|Any CPU
		{301AF902-ADC3-4D3B-90B5-A636D2EDFCFB}.Debug|Any CPU.Build.0 = Debug|Any CPU
		{301AF902-ADC3-4D3B-90B5-A636D2EDFCFB}.Release|Any CPU.ActiveCfg = Release|Any CPU
		{301AF902-ADC3-4D3B-90B5-A636D2EDFCFB}.Release|Any CPU.Build.0 = Release|Any CPU
	EndGlobalSection
	GlobalSection(SolutionProperties) = preSolution
		HideSolutionNode = FALSE
	EndGlobalSection
	GlobalSection(ExtensibilityGlobals) = postSolution
		SolutionGuid = {E65C7432-22B9-4428-A620-F6DB39B549DA}
	EndGlobalSection
EndGlobal
